
Microsoft Visual Studio Solution File, Format Version 12.00
# Visual Studio 15
VisualStudioVersion = 15.0.27703.2026
MinimumVisualStudioVersion = 10.0.40219.1
Project("{FAE04EC0-301F-11D3-BF4B-00C04F79EFBC}") = "csharp-sdk", "csharp-sdk\csharp-sdk.csproj", "{AB215E20-FAB9-48C2-9559-F282A97CC7FD}"
EndProject
Global
	GlobalSection(SolutionConfigurationPlatforms) = preSolution
		Debug|Any CPU = Debug|Any CPU
		Release|Any CPU = Release|Any CPU
	EndGlobalSection
	GlobalSection(ProjectConfigurationPlatforms) = postSolution
		{AB215E20-FAB9-48C2-9559-F282A97CC7FD}.Debug|Any CPU.ActiveCfg = Debug|Any CPU
		{AB215E20-FAB9-48C2-9559-F282A97CC7FD}.Debug|Any CPU.Build.0 = Debug|Any CPU
		{AB215E20-FAB9-48C2-9559-F282A97CC7FD}.Release|Any CPU.ActiveCfg = Release|Any CPU
		{AB215E20-FAB9-48C2-9559-F282A97CC7FD}.Release|Any CPU.Build.0 = Release|Any CPU
	EndGlobalSection
	GlobalSection(SolutionProperties) = preSolution
		HideSolutionNode = FALSE
	EndGlobalSection
	GlobalSection(ExtensibilityGlobals) = postSolution
		SolutionGuid = {4059BFF1-7A7F-4AC1-A46D-8721845A2ADA}
	EndGlobalSection
EndGlobal
